{
  "requires": true,
  "lockfileVersion": 1,
  "dependencies": {
    "@types/history": {
      "version": "4.7.0",
      "resolved": "https://registry.npmjs.org/@types/history/-/history-4.7.0.tgz",
      "integrity": "sha512-1A/RUAX4VtmGzNTGLSfmiPxQ3XwUSe/1YN4lW9GRa+j307oFK6MPjhlvw6jEHDodUBIvSvrA7/iHDchr5LS+0Q=="
    },
    "@types/react": {
      "version": "15.0.35",
      "resolved": "https://registry.npmjs.org/@types/react/-/react-15.0.35.tgz",
      "integrity": "sha512-SDvfa+9dIq7RBTBiPhV0V+NeLT16RSFjcsjcyIJUBLlHpOatja1mHuOlI+P7tJ7fZZeBd8CV5pHxmFt4MdpyGQ=="
    },
    "@types/react-dom": {
      "version": "15.5.1",
      "resolved": "https://registry.npmjs.org/@types/react-dom/-/react-dom-15.5.1.tgz",
      "integrity": "sha512-4c+e/QPfvSa48YhgGOcQWoHishTo6BuJqka0Bh8qeLdnK1jS+1Nz8W/w1G17AIjtLxONYFUqmi8qyt+8p/yMFA==",
      "requires": {
        "@types/react": "15.0.35"
      }
    },
    "@types/react-hot-loader": {
      "version": "3.0.3",
      "resolved": "https://registry.npmjs.org/@types/react-hot-loader/-/react-hot-loader-3.0.3.tgz",
      "integrity": "sha512-XW+Vx6tVWVpO7+CHk7ebtWSBglSwXNsEKwm+60Ge4dbtSQZ8sK93wZsPnl/CQKt5tfqNNIs3TpyaRVjHe+BOgw==",
      "requires": {
        "@types/react": "15.0.35"
      }
    },
    "@types/react-redux": {
      "version": "4.4.45",
      "resolved": "https://registry.npmjs.org/@types/react-redux/-/react-redux-4.4.45.tgz",
      "integrity": "sha512-bPM6BJucVy9Y0JCf9PCEC5zwmqnTx9+YGILNVwhGmIrkVrOXoJaEuVurncTH7llV+bxjlZVcW/RLxQtDvAHcQw==",
      "requires": {
        "@types/react": "15.0.35",
        "redux": "3.7.2"
      }
    },
    "@types/react-router": {
      "version": "4.0.12",
      "resolved": "https://registry.npmjs.org/@types/react-router/-/react-router-4.0.12.tgz",
      "integrity": "sha512-vlZXTicPMGn6nqiCTfK3Qg6ix0CFHClBSQgwWvtvmlwqildfPfBpY9aPQEki/w/rrMLzAApaAUaXzt5/W+1CKQ==",
      "requires": {
        "@types/history": "4.7.0",
        "@types/react": "15.0.35"
      }
    },
    "@types/react-router-dom": {
      "version": "4.0.5",
      "resolved": "https://registry.npmjs.org/@types/react-router-dom/-/react-router-dom-4.0.5.tgz",
      "integrity": "sha512-0AHAokPyW7L7M+brcaMTnFewce0tCaqG+C4KtUyizlk5tBToBEZ/bpjMDL5hbQ96Nc/wl5Ri8DJBijUmf82fdQ==",
      "requires": {
        "@types/history": "4.7.0",
        "@types/react": "15.0.35",
        "@types/react-router": "4.0.12"
      }
    },
    "@types/react-router-redux": {
      "version": "5.0.3",
      "resolved": "https://registry.npmjs.org/@types/react-router-redux/-/react-router-redux-5.0.3.tgz",
      "integrity": "sha512-o82LOP4Ka4IgoJmzzABBD9jq8Qh6PuEEgfAmSQU6ZgYS8Tv/U5byKU3WHbB9dwXE+jgcL9rtWZsOoBY0asK0hw==",
      "requires": {
        "@types/history": "4.7.0",
        "@types/react": "15.0.35",
        "redux": "3.7.2"
      }
    },
    "js-tokens": {
      "version": "4.0.0",
      "resolved": "https://registry.npmjs.org/js-tokens/-/js-tokens-4.0.0.tgz",
      "integrity": "sha512-RdJUflcE3cUzKiMqQgsCu06FPu9UdIJO0beYbPhHN4k6apgJtifcoCtT9bcxOpYBtpD2kCM6Sbzg4CausW/PKQ=="
    },
    "lodash": {
      "version": "4.17.10",
      "resolved": "https://registry.npmjs.org/lodash/-/lodash-4.17.10.tgz",
      "integrity": "sha512-UejweD1pDoXu+AD825lWwp4ZGtSwgnpZxb3JDViD7StjQz+Nb/6l093lx4OQ0foGWNRoc19mWy7BzL+UAK2iVg=="
    },
    "lodash-es": {
      "version": "4.17.10",
      "resolved": "https://registry.npmjs.org/lodash-es/-/lodash-es-4.17.10.tgz",
      "integrity": "sha512-iesFYPmxYYGTcmQK0sL8bX3TGHyM6b2qREaB4kamHfQyfPJP0xgoGxp19nsH16nsfquLdiyKyX3mQkfiSGV8Rg=="
    },
    "loose-envify": {
      "version": "1.4.0",
      "resolved": "https://registry.npmjs.org/loose-envify/-/loose-envify-1.4.0.tgz",
      "integrity": "sha512-lyuxPGr/Wfhrlem2CL/UcnUc1zcqKAImBDzukY7Y5F/yQiNdko6+fRLevlw1HgMySw7f611UIY408EtxRSoK3Q==",
      "requires": {
        "js-tokens": "4.0.0"
      }
    },
    "redux": {
      "version": "3.7.2",
      "resolved": "https://registry.npmjs.org/redux/-/redux-3.7.2.tgz",
      "integrity": "sha512-pNqnf9q1hI5HHZRBkj3bAngGZW/JMCmexDlOxw4XagXY2o1327nHH54LoTjiPJ0gizoqPDRqWyX/00g0hD6w+A==",
      "requires": {
        "lodash": "4.17.10",
        "lodash-es": "4.17.10",
        "loose-envify": "1.4.0",
        "symbol-observable": "1.2.0"
      }
    },
    "symbol-observable": {
      "version": "1.2.0",
      "resolved": "https://registry.npmjs.org/symbol-observable/-/symbol-observable-1.2.0.tgz",
      "integrity": "sha512-e900nM8RRtGhlV36KGEU9k65K3mPb1WV70OdjfxlG2EAuM1noi/E/BaW/uMhL7bPEssK8QV57vN3esixjUvcXQ=="
    },
    "typescript": {
      "version": "3.0.1",
      "resolved": "https://registry.npmjs.org/typescript/-/typescript-3.0.1.tgz",
      "integrity": "sha512-zQIMOmC+372pC/CCVLqnQ0zSBiY7HHodU7mpQdjiZddek4GMj31I3dUJ7gAs9o65X7mnRma6OokOkc6f9jjfBg=="
    }
  }
}
